
Microsoft Visual Studio Solution File, Format Version 12.00
# Visual Studio Version 17
VisualStudioVersion = 17.0.31903.59
MinimumVisualStudioVersion = 10.0.40219.1
Project("{2150E333-8FDC-42A3-9474-1A3956D46DE8}") = "src", "src", "{827E0CD3-B72D-47B6-A68D-7590B98EB39B}"
EndProject
Project("{FAE04EC0-301F-11D3-BF4B-00C04F79EFBC}") = "RecurPixel.Notify.Core", "src\RecurPixel.Notify.Core\RecurPixel.Notify.Core.csproj", "{E77B54AD-4958-4AD9-A778-BB477E4497DD}"
EndProject
Project("{2150E333-8FDC-42A3-9474-1A3956D46DE8}") = "tests", "tests", "{0AB3BF05-4346-4AA6-1389-037BE0695223}"
EndProject
Project("{FAE04EC0-301F-11D3-BF4B-00C04F79EFBC}") = "RecurPixel.Notify.Tests", "tests\RecurPixel.Notify.Tests\RecurPixel.Notify.Tests.csproj", "{A505176D-3C95-48E6-B5B2-16EF800B5D1A}"
EndProject
Project("{FAE04EC0-301F-11D3-BF4B-00C04F79EFBC}") = "RecurPixel.Notify.Email.SendGrid", "src\RecurPixel.Notify.Email.SendGrid\RecurPixel.Notify.Email.SendGrid.csproj", "{ED940175-84DD-4833-A183-C8636F788844}"
EndProject
Project("{FAE04EC0-301F-11D3-BF4B-00C04F79EFBC}") = "RecurPixel.Notify.Email.Smtp", "src\RecurPixel.Notify.Email.Smtp\RecurPixel.Notify.Email.Smtp.csproj", "{8C425D55-291E-48E3-AA1E-CBF08C177A1B}"
EndProject
Project("{FAE04EC0-301F-11D3-BF4B-00C04F79EFBC}") = "RecurPixel.Notify.Sms.Twilio", "src\RecurPixel.Notify.Sms.Twilio\RecurPixel.Notify.Sms.Twilio.csproj", "{23D5511C-64CA-4AF3-B3BA-5BB6909DB43D}"
EndProject
Project("{FAE04EC0-301F-11D3-BF4B-00C04F79EFBC}") = "RecurPixel.Notify.Orchestrator", "src\RecurPixel.Notify.Orchestrator\RecurPixel.Notify.Orchestrator.csproj", "{2E542E87-37D9-4AC8-B378-054FD37DCCFD}"
EndProject
Project("{FAE04EC0-301F-11D3-BF4B-00C04F79EFBC}") = "RecurPixel.Notify.Push.Fcm", "src\RecurPixel.Notify.Push.Fcm\RecurPixel.Notify.Push.Fcm.csproj", "{8FE68434-2B45-4640-A155-D0004A66C2E5}"
EndProject
Project("{FAE04EC0-301F-11D3-BF4B-00C04F79EFBC}") = "RecurPixel.Notify.Push.Apns", "src\RecurPixel.Notify.Push.Apns\RecurPixel.Notify.Push.Apns.csproj", "{1F8191BF-2572-48FB-94D2-3DF0B8E7BF9F}"
EndProject
Project("{FAE04EC0-301F-11D3-BF4B-00C04F79EFBC}") = "RecurPixel.Notify.WhatsApp.Twilio", "src\RecurPixel.Notify.WhatsApp.Twilio\RecurPixel.Notify.WhatsApp.Twilio.csproj", "{E91BCE07-EEAE-49CA-BF89-CD30458DFF94}"
EndProject
Project("{FAE04EC0-301F-11D3-BF4B-00C04F79EFBC}") = "RecurPixel.Notify.WhatsApp.MetaCloud", "src\RecurPixel.Notify.WhatsApp.MetaCloud\RecurPixel.Notify.WhatsApp.MetaCloud.csproj", "{384B61FA-AF6F-48FD-852F-1D5B5561C35E}"
EndProject
Project("{FAE04EC0-301F-11D3-BF4B-00C04F79EFBC}") = "RecurPixel.Notify.Slack", "src\RecurPixel.Notify.Slack\RecurPixel.Notify.Slack.csproj", "{C0BCE406-4057-4573-B801-7A9DEC69B933}"
EndProject
Project("{FAE04EC0-301F-11D3-BF4B-00C04F79EFBC}") = "RecurPixel.Notify.Discord", "src\RecurPixel.Notify.Discord\RecurPixel.Notify.Discord.csproj", "{796EBDB1-76E4-40D5-9D94-E7391397AE33}"
EndProject
Project("{FAE04EC0-301F-11D3-BF4B-00C04F79EFBC}") = "RecurPixel.Notify.Teams", "src\RecurPixel.Notify.Teams\RecurPixel.Notify.Teams.csproj", "{281A828E-6411-4A5D-B6C1-09A37C054846}"
EndProject
Project("{FAE04EC0-301F-11D3-BF4B-00C04F79EFBC}") = "RecurPixel.Notify.Telegram", "src\RecurPixel.Notify.Telegram\RecurPixel.Notify.Telegram.csproj", "{C30E1771-EB78-4779-BAA6-809D3687D676}"
EndProject
Project("{FAE04EC0-301F-11D3-BF4B-00C04F79EFBC}") = "RecurPixel.Notify.Facebook", "src\RecurPixel.Notify.Facebook\RecurPixel.Notify.Facebook.csproj", "{06313A80-6429-497B-A64B-CD6D901D8D24}"
EndProject
Project("{FAE04EC0-301F-11D3-BF4B-00C04F79EFBC}") = "RecurPixel.Notify.Line", "src\RecurPixel.Notify.Line\RecurPixel.Notify.Line.csproj", "{A59B155B-EB63-4983-9631-E9D0943CD593}"
EndProject
Project("{FAE04EC0-301F-11D3-BF4B-00C04F79EFBC}") = "RecurPixel.Notify.Viber", "src\RecurPixel.Notify.Viber\RecurPixel.Notify.Viber.csproj", "{1FF88973-0642-4D90-A512-522DD11F35D5}"
EndProject
Project("{FAE04EC0-301F-11D3-BF4B-00C04F79EFBC}") = "RecurPixel.Notify.InApp", "src\RecurPixel.Notify.InApp\RecurPixel.Notify.InApp.csproj", "{81829E81-8F7F-4805-81D4-1568C49C8356}"
EndProject
Global
	GlobalSection(SolutionConfigurationPlatforms) = preSolution
		Debug|Any CPU = Debug|Any CPU
		Debug|x64 = Debug|x64
		Debug|x86 = Debug|x86
		Release|Any CPU = Release|Any CPU
		Release|x64 = Release|x64
		Release|x86 = Release|x86
	EndGlobalSection
	GlobalSection(ProjectConfigurationPlatforms) = postSolution
		{E77B54AD-4958-4AD9-A778-BB477E4497DD}.Debug|Any CPU.ActiveCfg = Debug|Any CPU
		{E77B54AD-4958-4AD9-A778-BB477E4497DD}.Debug|Any CPU.Build.0 = Debug|Any CPU
		{E77B54AD-4958-4AD9-A778-BB477E4497DD}.Debug|x64.ActiveCfg = Debug|Any CPU
		{E77B54AD-4958-4AD9-A778-BB477E4497DD}.Debug|x64.Build.0 = Debug|Any CPU
		{E77B54AD-4958-4AD9-A778-BB477E4497DD}.Debug|x86.ActiveCfg = Debug|Any CPU
		{E77B54AD-4958-4AD9-A778-BB477E4497DD}.Debug|x86.Build.0 = Debug|Any CPU
		{E77B54AD-4958-4AD9-A778-BB477E4497DD}.Release|Any CPU.ActiveCfg = Release|Any CPU
		{E77B54AD-4958-4AD9-A778-BB477E4497DD}.Release|Any CPU.Build.0 = Release|Any CPU
		{E77B54AD-4958-4AD9-A778-BB477E4497DD}.Release|x64.ActiveCfg = Release|Any CPU
		{E77B54AD-4958-4AD9-A778-BB477E4497DD}.Release|x64.Build.0 = Release|Any CPU
		{E77B54AD-4958-4AD9-A778-BB477E4497DD}.Release|x86.ActiveCfg = Release|Any CPU
		{E77B54AD-4958-4AD9-A778-BB477E4497DD}.Release|x86.Build.0 = Release|Any CPU
		{A505176D-3C95-48E6-B5B2-16EF800B5D1A}.Debug|Any CPU.ActiveCfg = Debug|Any CPU
		{A505176D-3C95-48E6-B5B2-16EF800B5D1A}.Debug|Any CPU.Build.0 = Debug|Any CPU
		{A505176D-3C95-48E6-B5B2-16EF800B5D1A}.Debug|x64.ActiveCfg = Debug|Any CPU
		{A505176D-3C95-48E6-B5B2-16EF800B5D1A}.Debug|x64.Build.0 = Debug|Any CPU
		{A505176D-3C95-48E6-B5B2-16EF800B5D1A}.Debug|x86.ActiveCfg = Debug|Any CPU
		{A505176D-3C95-48E6-B5B2-16EF800B5D1A}.Debug|x86.Build.0 = Debug|Any CPU
		{A505176D-3C95-48E6-B5B2-16EF800B5D1A}.Release|Any CPU.ActiveCfg = Release|Any CPU
		{A505176D-3C95-48E6-B5B2-16EF800B5D1A}.Release|Any CPU.Build.0 = Release|Any CPU
		{A505176D-3C95-48E6-B5B2-16EF800B5D1A}.Release|x64.ActiveCfg = Release|Any CPU
		{A505176D-3C95-48E6-B5B2-16EF800B5D1A}.Release|x64.Build.0 = Release|Any CPU
		{A505176D-3C95-48E6-B5B2-16EF800B5D1A}.Release|x86.ActiveCfg = Release|Any CPU
		{A505176D-3C95-48E6-B5B2-16EF800B5D1A}.Release|x86.Build.0 = Release|Any CPU
		{ED940175-84DD-4833-A183-C8636F788844}.Debug|Any CPU.ActiveCfg = Debug|Any CPU
		{ED940175-84DD-4833-A183-C8636F788844}.Debug|Any CPU.Build.0 = Debug|Any CPU
		{ED940175-84DD-4833-A183-C8636F788844}.Debug|x64.ActiveCfg = Debug|Any CPU
		{ED940175-84DD-4833-A183-C8636F788844}.Debug|x64.Build.0 = Debug|Any CPU
		{ED940175-84DD-4833-A183-C8636F788844}.Debug|x86.ActiveCfg = Debug|Any CPU
		{ED940175-84DD-4833-A183-C8636F788844}.Debug|x86.Build.0 = Debug|Any CPU
		{ED940175-84DD-4833-A183-C8636F788844}.Release|Any CPU.ActiveCfg = Release|Any CPU
		{ED940175-84DD-4833-A183-C8636F788844}.Release|Any CPU.Build.0 = Release|Any CPU
		{ED940175-84DD-4833-A183-C8636F788844}.Release|x64.ActiveCfg = Release|Any CPU
		{ED940175-84DD-4833-A183-C8636F788844}.Release|x64.Build.0 = Release|Any CPU
		{ED940175-84DD-4833-A183-C8636F788844}.Release|x86.ActiveCfg = Release|Any CPU
		{ED940175-84DD-4833-A183-C8636F788844}.Release|x86.Build.0 = Release|Any CPU
		{8C425D55-291E-48E3-AA1E-CBF08C177A1B}.Debug|Any CPU.ActiveCfg = Debug|Any CPU
		{8C425D55-291E-48E3-AA1E-CBF08C177A1B}.Debug|Any CPU.Build.0 = Debug|Any CPU
		{8C425D55-291E-48E3-AA1E-CBF08C177A1B}.Debug|x64.ActiveCfg = Debug|Any CPU
		{8C425D55-291E-48E3-AA1E-CBF08C177A1B}.Debug|x64.Build.0 = Debug|Any CPU
		{8C425D55-291E-48E3-AA1E-CBF08C177A1B}.Debug|x86.ActiveCfg = Debug|Any CPU
		{8C425D55-291E-48E3-AA1E-CBF08C177A1B}.Debug|x86.Build.0 = Debug|Any CPU
		{8C425D55-291E-48E3-AA1E-CBF08C177A1B}.Release|Any CPU.ActiveCfg = Release|Any CPU
		{8C425D55-291E-48E3-AA1E-CBF08C177A1B}.Release|Any CPU.Build.0 = Release|Any CPU
		{8C425D55-291E-48E3-AA1E-CBF08C177A1B}.Release|x64.ActiveCfg = Release|Any CPU
		{8C425D55-291E-48E3-AA1E-CBF08C177A1B}.Release|x64.Build.0 = Release|Any CPU
		{8C425D55-291E-48E3-AA1E-CBF08C177A1B}.Release|x86.ActiveCfg = Release|Any CPU
		{8C425D55-291E-48E3-AA1E-CBF08C177A1B}.Release|x86.Build.0 = Release|Any CPU
		{23D5511C-64CA-4AF3-B3BA-5BB6909DB43D}.Debug|Any CPU.ActiveCfg = Debug|Any CPU
		{23D5511C-64CA-4AF3-B3BA-5BB6909DB43D}.Debug|Any CPU.Build.0 = Debug|Any CPU
		{23D5511C-64CA-4AF3-B3BA-5BB6909DB43D}.Debug|x64.ActiveCfg = Debug|Any CPU
		{23D5511C-64CA-4AF3-B3BA-5BB6909DB43D}.Debug|x64.Build.0 = Debug|Any CPU
		{23D5511C-64CA-4AF3-B3BA-5BB6909DB43D}.Debug|x86.ActiveCfg = Debug|Any CPU
		{23D5511C-64CA-4AF3-B3BA-5BB6909DB43D}.Debug|x86.Build.0 = Debug|Any CPU
		{23D5511C-64CA-4AF3-B3BA-5BB6909DB43D}.Release|Any CPU.ActiveCfg = Release|Any CPU
		{23D5511C-64CA-4AF3-B3BA-5BB6909DB43D}.Release|Any CPU.Build.0 = Release|Any CPU
		{23D5511C-64CA-4AF3-B3BA-5BB6909DB43D}.Release|x64.ActiveCfg = Release|Any CPU
		{23D5511C-64CA-4AF3-B3BA-5BB6909DB43D}.Release|x64.Build.0 = Release|Any CPU
		{23D5511C-64CA-4AF3-B3BA-5BB6909DB43D}.Release|x86.ActiveCfg = Release|Any CPU
		{23D5511C-64CA-4AF3-B3BA-5BB6909DB43D}.Release|x86.Build.0 = Release|Any CPU
		{2E542E87-37D9-4AC8-B378-054FD37DCCFD}.Debug|Any CPU.ActiveCfg = Debug|Any CPU
		{2E542E87-37D9-4AC8-B378-054FD37DCCFD}.Debug|Any CPU.Build.0 = Debug|Any CPU
		{2E542E87-37D9-4AC8-B378-054FD37DCCFD}.Debug|x64.ActiveCfg = Debug|Any CPU
		{2E542E87-37D9-4AC8-B378-054FD37DCCFD}.Debug|x64.Build.0 = Debug|Any CPU
		{2E542E87-37D9-4AC8-B378-054FD37DCCFD}.Debug|x86.ActiveCfg = Debug|Any CPU
		{2E542E87-37D9-4AC8-B378-054FD37DCCFD}.Debug|x86.Build.0 = Debug|Any CPU
		{2E542E87-37D9-4AC8-B378-054FD37DCCFD}.Release|Any CPU.ActiveCfg = Release|Any CPU
		{2E542E87-37D9-4AC8-B378-054FD37DCCFD}.Release|Any CPU.Build.0 = Release|Any CPU
		{2E542E87-37D9-4AC8-B378-054FD37DCCFD}.Release|x64.ActiveCfg = Release|Any CPU
		{2E542E87-37D9-4AC8-B378-054FD37DCCFD}.Release|x64.Build.0 = Release|Any CPU
		{2E542E87-37D9-4AC8-B378-054FD37DCCFD}.Release|x86.ActiveCfg = Release|Any CPU
		{2E542E87-37D9-4AC8-B378-054FD37DCCFD}.Release|x86.Build.0 = Release|Any CPU
		{8FE68434-2B45-4640-A155-D0004A66C2E5}.Debug|Any CPU.ActiveCfg = Debug|Any CPU
		{8FE68434-2B45-4640-A155-D0004A66C2E5}.Debug|Any CPU.Build.0 = Debug|Any CPU
		{8FE68434-2B45-4640-A155-D0004A66C2E5}.Debug|x64.ActiveCfg = Debug|Any CPU
		{8FE68434-2B45-4640-A155-D0004A66C2E5}.Debug|x64.Build.0 = Debug|Any CPU
		{8FE68434-2B45-4640-A155-D0004A66C2E5}.Debug|x86.ActiveCfg = Debug|Any CPU
		{8FE68434-2B45-4640-A155-D0004A66C2E5}.Debug|x86.Build.0 = Debug|Any CPU
		{8FE68434-2B45-4640-A155-D0004A66C2E5}.Release|Any CPU.ActiveCfg = Release|Any CPU
		{8FE68434-2B45-4640-A155-D0004A66C2E5}.Release|Any CPU.Build.0 = Release|Any CPU
		{8FE68434-2B45-4640-A155-D0004A66C2E5}.Release|x64.ActiveCfg = Release|Any CPU
		{8FE68434-2B45-4640-A155-D0004A66C2E5}.Release|x64.Build.0 = Release|Any CPU
		{8FE68434-2B45-4640-A155-D0004A66C2E5}.Release|x86.ActiveCfg = Release|Any CPU
		{8FE68434-2B45-4640-A155-D0004A66C2E5}.Release|x86.Build.0 = Release|Any CPU
		{1F8191BF-2572-48FB-94D2-3DF0B8E7BF9F}.Debug|Any CPU.ActiveCfg = Debug|Any CPU
		{1F8191BF-2572-48FB-94D2-3DF0B8E7BF9F}.Debug|Any CPU.Build.0 = Debug|Any CPU
		{1F8191BF-2572-48FB-94D2-3DF0B8E7BF9F}.Debug|x64.ActiveCfg = Debug|Any CPU
		{1F8191BF-2572-48FB-94D2-3DF0B8E7BF9F}.Debug|x64.Build.0 = Debug|Any CPU
		{1F8191BF-2572-48FB-94D2-3DF0B8E7BF9F}.Debug|x86.ActiveCfg = Debug|Any CPU
		{1F8191BF-2572-48FB-94D2-3DF0B8E7BF9F}.Debug|x86.Build.0 = Debug|Any CPU
		{1F8191BF-2572-48FB-94D2-3DF0B8E7BF9F}.Release|Any CPU.ActiveCfg = Release|Any CPU
		{1F8191BF-2572-48FB-94D2-3DF0B8E7BF9F}.Release|Any CPU.Build.0 = Release|Any CPU
		{1F8191BF-2572-48FB-94D2-3DF0B8E7BF9F}.Release|x64.ActiveCfg = Release|Any CPU
		{1F8191BF-2572-48FB-94D2-3DF0B8E7BF9F}.Release|x64.Build.0 = Release|Any CPU
		{1F8191BF-2572-48FB-94D2-3DF0B8E7BF9F}.Release|x86.ActiveCfg = Release|Any CPU
		{1F8191BF-2572-48FB-94D2-3DF0B8E7BF9F}.Release|x86.Build.0 = Release|Any CPU
		{E91BCE07-EEAE-49CA-BF89-CD30458DFF94}.Debug|Any CPU.ActiveCfg = Debug|Any CPU
		{E91BCE07-EEAE-49CA-BF89-CD30458DFF94}.Debug|Any CPU.Build.0 = Debug|Any CPU
		{E91BCE07-EEAE-49CA-BF89-CD30458DFF94}.Debug|x64.ActiveCfg = Debug|Any CPU
		{E91BCE07-EEAE-49CA-BF89-CD30458DFF94}.Debug|x64.Build.0 = Debug|Any CPU
		{E91BCE07-EEAE-49CA-BF89-CD30458DFF94}.Debug|x86.ActiveCfg = Debug|Any CPU
		{E91BCE07-EEAE-49CA-BF89-CD30458DFF94}.Debug|x86.Build.0 = Debug|Any CPU
		{E91BCE07-EEAE-49CA-BF89-CD30458DFF94}.Release|Any CPU.ActiveCfg = Release|Any CPU
		{E91BCE07-EEAE-49CA-BF89-CD30458DFF94}.Release|Any CPU.Build.0 = Release|Any CPU
		{E91BCE07-EEAE-49CA-BF89-CD30458DFF94}.Release|x64.ActiveCfg = Release|Any CPU
		{E91BCE07-EEAE-49CA-BF89-CD30458DFF94}.Release|x64.Build.0 = Release|Any CPU
		{E91BCE07-EEAE-49CA-BF89-CD30458DFF94}.Release|x86.ActiveCfg = Release|Any CPU
		{E91BCE07-EEAE-49CA-BF89-CD30458DFF94}.Release|x86.Build.0 = Release|Any CPU
		{384B61FA-AF6F-48FD-852F-1D5B5561C35E}.Debug|Any CPU.ActiveCfg = Debug|Any CPU
		{384B61FA-AF6F-48FD-852F-1D5B5561C35E}.Debug|Any CPU.Build.0 = Debug|Any CPU
		{384B61FA-AF6F-48FD-852F-1D5B5561C35E}.Debug|x64.ActiveCfg = Debug|Any CPU
		{384B61FA-AF6F-48FD-852F-1D5B5561C35E}.Debug|x64.Build.0 = Debug|Any CPU
		{384B61FA-AF6F-48FD-852F-1D5B5561C35E}.Debug|x86.ActiveCfg = Debug|Any CPU
		{384B61FA-AF6F-48FD-852F-1D5B5561C35E}.Debug|x86.Build.0 = Debug|Any CPU
		{384B61FA-AF6F-48FD-852F-1D5B5561C35E}.Release|Any CPU.ActiveCfg = Release|Any CPU
		{384B61FA-AF6F-48FD-852F-1D5B5561C35E}.Release|Any CPU.Build.0 = Release|Any CPU
		{384B61FA-AF6F-48FD-852F-1D5B5561C35E}.Release|x64.ActiveCfg = Release|Any CPU
		{384B61FA-AF6F-48FD-852F-1D5B5561C35E}.Release|x64.Build.0 = Release|Any CPU
		{384B61FA-AF6F-48FD-852F-1D5B5561C35E}.Release|x86.ActiveCfg = Release|Any CPU
		{384B61FA-AF6F-48FD-852F-1D5B5561C35E}.Release|x86.Build.0 = Release|Any CPU
		{C0BCE406-4057-4573-B801-7A9DEC69B933}.Debug|Any CPU.ActiveCfg = Debug|Any CPU
		{C0BCE406-4057-4573-B801-7A9DEC69B933}.Debug|Any CPU.Build.0 = Debug|Any CPU
		{C0BCE406-4057-4573-B801-7A9DEC69B933}.Debug|x64.ActiveCfg = Debug|Any CPU
		{C0BCE406-4057-4573-B801-7A9DEC69B933}.Debug|x64.Build.0 = Debug|Any CPU
		{C0BCE406-4057-4573-B801-7A9DEC69B933}.Debug|x86.ActiveCfg = Debug|Any CPU
		{C0BCE406-4057-4573-B801-7A9DEC69B933}.Debug|x86.Build.0 = Debug|Any CPU
		{C0BCE406-4057-4573-B801-7A9DEC69B933}.Release|Any CPU.ActiveCfg = Release|Any CPU
		{C0BCE406-4057-4573-B801-7A9DEC69B933}.Release|Any CPU.Build.0 = Release|Any CPU
		{C0BCE406-4057-4573-B801-7A9DEC69B933}.Release|x64.ActiveCfg = Release|Any CPU
		{C0BCE406-4057-4573-B801-7A9DEC69B933}.Release|x64.Build.0 = Release|Any CPU
		{C0BCE406-4057-4573-B801-7A9DEC69B933}.Release|x86.ActiveCfg = Release|Any CPU
		{C0BCE406-4057-4573-B801-7A9DEC69B933}.Release|x86.Build.0 = Release|Any CPU
		{796EBDB1-76E4-40D5-9D94-E7391397AE33}.Debug|Any CPU.ActiveCfg = Debug|Any CPU
		{796EBDB1-76E4-40D5-9D94-E7391397AE33}.Debug|Any CPU.Build.0 = Debug|Any CPU
		{796EBDB1-76E4-40D5-9D94-E7391397AE33}.Debug|x64.ActiveCfg = Debug|Any CPU
		{796EBDB1-76E4-40D5-9D94-E7391397AE33}.Debug|x64.Build.0 = Debug|Any CPU
		{796EBDB1-76E4-40D5-9D94-E7391397AE33}.Debug|x86.ActiveCfg = Debug|Any CPU
		{796EBDB1-76E4-40D5-9D94-E7391397AE33}.Debug|x86.Build.0 = Debug|Any CPU
		{796EBDB1-76E4-40D5-9D94-E7391397AE33}.Release|Any CPU.ActiveCfg = Release|Any CPU
		{796EBDB1-76E4-40D5-9D94-E7391397AE33}.Release|Any CPU.Build.0 = Release|Any CPU
		{796EBDB1-76E4-40D5-9D94-E7391397AE33}.Release|x64.ActiveCfg = Release|Any CPU
		{796EBDB1-76E4-40D5-9D94-E7391397AE33}.Release|x64.Build.0 = Release|Any CPU
		{796EBDB1-76E4-40D5-9D94-E7391397AE33}.Release|x86.ActiveCfg = Release|Any CPU
		{796EBDB1-76E4-40D5-9D94-E7391397AE33}.Release|x86.Build.0 = Release|Any CPU
		{281A828E-6411-4A5D-B6C1-09A37C054846}.Debug|Any CPU.ActiveCfg = Debug|Any CPU
		{281A828E-6411-4A5D-B6C1-09A37C054846}.Debug|Any CPU.Build.0 = Debug|Any CPU
		{281A828E-6411-4A5D-B6C1-09A37C054846}.Debug|x64.ActiveCfg = Debug|Any CPU
		{281A828E-6411-4A5D-B6C1-09A37C054846}.Debug|x64.Build.0 = Debug|Any CPU
		{281A828E-6411-4A5D-B6C1-09A37C054846}.Debug|x86.ActiveCfg = Debug|Any CPU
		{281A828E-6411-4A5D-B6C1-09A37C054846}.Debug|x86.Build.0 = Debug|Any CPU
		{281A828E-6411-4A5D-B6C1-09A37C054846}.Release|Any CPU.ActiveCfg = Release|Any CPU
		{281A828E-6411-4A5D-B6C1-09A37C054846}.Release|Any CPU.Build.0 = Release|Any CPU
		{281A828E-6411-4A5D-B6C1-09A37C054846}.Release|x64.ActiveCfg = Release|Any CPU
		{281A828E-6411-4A5D-B6C1-09A37C054846}.Release|x64.Build.0 = Release|Any CPU
		{281A828E-6411-4A5D-B6C1-09A37C054846}.Release|x86.ActiveCfg = Release|Any CPU
		{281A828E-6411-4A5D-B6C1-09A37C054846}.Release|x86.Build.0 = Release|Any CPU
		{C30E1771-EB78-4779-BAA6-809D3687D676}.Debug|Any CPU.ActiveCfg = Debug|Any CPU
		{C30E1771-EB78-4779-BAA6-809D3687D676}.Debug|Any CPU.Build.0 = Debug|Any CPU
		{C30E1771-EB78-4779-BAA6-809D3687D676}.Debug|x64.ActiveCfg = Debug|Any CPU
		{C30E1771-EB78-4779-BAA6-809D3687D676}.Debug|x64.Build.0 = Debug|Any CPU
		{C30E1771-EB78-4779-BAA6-809D3687D676}.Debug|x86.ActiveCfg = Debug|Any CPU
		{C30E1771-EB78-4779-BAA6-809D3687D676}.Debug|x86.Build.0 = Debug|Any CPU
		{C30E1771-EB78-4779-BAA6-809D3687D676}.Release|Any CPU.ActiveCfg = Release|Any CPU
		{C30E1771-EB78-4779-BAA6-809D3687D676}.Release|Any CPU.Build.0 = Release|Any CPU
		{C30E1771-EB78-4779-BAA6-809D3687D676}.Release|x64.ActiveCfg = Release|Any CPU
		{C30E1771-EB78-4779-BAA6-809D3687D676}.Release|x64.Build.0 = Release|Any CPU
		{C30E1771-EB78-4779-BAA6-809D3687D676}.Release|x86.ActiveCfg = Release|Any CPU
		{C30E1771-EB78-4779-BAA6-809D3687D676}.Release|x86.Build.0 = Release|Any CPU
		{06313A80-6429-497B-A64B-CD6D901D8D24}.Debug|Any CPU.ActiveCfg = Debug|Any CPU
		{06313A80-6429-497B-A64B-CD6D901D8D24}.Debug|Any CPU.Build.0 = Debug|Any CPU
		{06313A80-6429-497B-A64B-CD6D901D8D24}.Debug|x64.ActiveCfg = Debug|Any CPU
		{06313A80-6429-497B-A64B-CD6D901D8D24}.Debug|x64.Build.0 = Debug|Any CPU
		{06313A80-6429-497B-A64B-CD6D901D8D24}.Debug|x86.ActiveCfg = Debug|Any CPU
		{06313A80-6429-497B-A64B-CD6D901D8D24}.Debug|x86.Build.0 = Debug|Any CPU
		{06313A80-6429-497B-A64B-CD6D901D8D24}.Release|Any CPU.ActiveCfg = Release|Any CPU
		{06313A80-6429-497B-A64B-CD6D901D8D24}.Release|Any CPU.Build.0 = Release|Any CPU
		{06313A80-6429-497B-A64B-CD6D901D8D24}.Release|x64.ActiveCfg = Release|Any CPU
		{06313A80-6429-497B-A64B-CD6D901D8D24}.Release|x64.Build.0 = Release|Any CPU
		{06313A80-6429-497B-A64B-CD6D901D8D24}.Release|x86.ActiveCfg = Release|Any CPU
		{06313A80-6429-497B-A64B-CD6D901D8D24}.Release|x86.Build.0 = Release|Any CPU
		{A59B155B-EB63-4983-9631-E9D0943CD593}.Debug|Any CPU.ActiveCfg = Debug|Any CPU
		{A59B155B-EB63-4983-9631-E9D0943CD593}.Debug|Any CPU.Build.0 = Debug|Any CPU
		{A59B155B-EB63-4983-9631-E9D0943CD593}.Debug|x64.ActiveCfg = Debug|Any CPU
		{A59B155B-EB63-4983-9631-E9D0943CD593}.Debug|x64.Build.0 = Debug|Any CPU
		{A59B155B-EB63-4983-9631-E9D0943CD593}.Debug|x86.ActiveCfg = Debug|Any CPU
		{A59B155B-EB63-4983-9631-E9D0943CD593}.Debug|x86.Build.0 = Debug|Any CPU
		{A59B155B-EB63-4983-9631-E9D0943CD593}.Release|Any CPU.ActiveCfg = Release|Any CPU
		{A59B155B-EB63-4983-9631-E9D0943CD593}.Release|Any CPU.Build.0 = Release|Any CPU
		{A59B155B-EB63-4983-9631-E9D0943CD593}.Release|x64.ActiveCfg = Release|Any CPU
		{A59B155B-EB63-4983-9631-E9D0943CD593}.Release|x64.Build.0 = Release|Any CPU
		{A59B155B-EB63-4983-9631-E9D0943CD593}.Release|x86.ActiveCfg = Release|Any CPU
		{A59B155B-EB63-4983-9631-E9D0943CD593}.Release|x86.Build.0 = Release|Any CPU
		{1FF88973-0642-4D90-A512-522DD11F35D5}.Debug|Any CPU.ActiveCfg = Debug|Any CPU
		{1FF88973-0642-4D90-A512-522DD11F35D5}.Debug|Any CPU.Build.0 = Debug|Any CPU
		{1FF88973-0642-4D90-A512-522DD11F35D5}.Debug|x64.ActiveCfg = Debug|Any CPU
		{1FF88973-0642-4D90-A512-522DD11F35D5}.Debug|x64.Build.0 = Debug|Any CPU
		{1FF88973-0642-4D90-A512-522DD11F35D5}.Debug|x86.ActiveCfg = Debug|Any CPU
		{1FF88973-0642-4D90-A512-522DD11F35D5}.Debug|x86.Build.0 = Debug|Any CPU
		{1FF88973-0642-4D90-A512-522DD11F35D5}.Release|Any CPU.ActiveCfg = Release|Any CPU
		{1FF88973-0642-4D90-A512-522DD11F35D5}.Release|Any CPU.Build.0 = Release|Any CPU
		{1FF88973-0642-4D90-A512-522DD11F35D5}.Release|x64.ActiveCfg = Release|Any CPU
		{1FF88973-0642-4D90-A512-522DD11F35D5}.Release|x64.Build.0 = Release|Any CPU
		{1FF88973-0642-4D90-A512-522DD11F35D5}.Release|x86.ActiveCfg = Release|Any CPU
		{1FF88973-0642-4D90-A512-522DD11F35D5}.Release|x86.Build.0 = Release|Any CPU
		{81829E81-8F7F-4805-81D4-1568C49C8356}.Debug|Any CPU.ActiveCfg = Debug|Any CPU
		{81829E81-8F7F-4805-81D4-1568C49C8356}.Debug|Any CPU.Build.0 = Debug|Any CPU
		{81829E81-8F7F-4805-81D4-1568C49C8356}.Debug|x64.ActiveCfg = Debug|Any CPU
		{81829E81-8F7F-4805-81D4-1568C49C8356}.Debug|x64.Build.0 = Debug|Any CPU
		{81829E81-8F7F-4805-81D4-1568C49C8356}.Debug|x86.ActiveCfg = Debug|Any CPU
		{81829E81-8F7F-4805-81D4-1568C49C8356}.Debug|x86.Build.0 = Debug|Any CPU
		{81829E81-8F7F-4805-81D4-1568C49C8356}.Release|Any CPU.ActiveCfg = Release|Any CPU
		{81829E81-8F7F-4805-81D4-1568C49C8356}.Release|Any CPU.Build.0 = Release|Any CPU
		{81829E81-8F7F-4805-81D4-1568C49C8356}.Release|x64.ActiveCfg = Release|Any CPU
		{81829E81-8F7F-4805-81D4-1568C49C8356}.Release|x64.Build.0 = Release|Any CPU
		{81829E81-8F7F-4805-81D4-1568C49C8356}.Release|x86.ActiveCfg = Release|Any CPU
		{81829E81-8F7F-4805-81D4-1568C49C8356}.Release|x86.Build.0 = Release|Any CPU
	EndGlobalSection
	GlobalSection(SolutionProperties) = preSolution
		HideSolutionNode = FALSE
	EndGlobalSection
	GlobalSection(NestedProjects) = preSolution
		{E77B54AD-4958-4AD9-A778-BB477E4497DD} = {827E0CD3-B72D-47B6-A68D-7590B98EB39B}
		{A505176D-3C95-48E6-B5B2-16EF800B5D1A} = {0AB3BF05-4346-4AA6-1389-037BE0695223}
		{ED940175-84DD-4833-A183-C8636F788844} = {827E0CD3-B72D-47B6-A68D-7590B98EB39B}
		{8C425D55-291E-48E3-AA1E-CBF08C177A1B} = {827E0CD3-B72D-47B6-A68D-7590B98EB39B}
		{23D5511C-64CA-4AF3-B3BA-5BB6909DB43D} = {827E0CD3-B72D-47B6-A68D-7590B98EB39B}
		{2E542E87-37D9-4AC8-B378-054FD37DCCFD} = {827E0CD3-B72D-47B6-A68D-7590B98EB39B}
		{8FE68434-2B45-4640-A155-D0004A66C2E5} = {827E0CD3-B72D-47B6-A68D-7590B98EB39B}
		{1F8191BF-2572-48FB-94D2-3DF0B8E7BF9F} = {827E0CD3-B72D-47B6-A68D-7590B98EB39B}
		{E91BCE07-EEAE-49CA-BF89-CD30458DFF94} = {827E0CD3-B72D-47B6-A68D-7590B98EB39B}
		{384B61FA-AF6F-48FD-852F-1D5B5561C35E} = {827E0CD3-B72D-47B6-A68D-7590B98EB39B}
		{C0BCE406-4057-4573-B801-7A9DEC69B933} = {827E0CD3-B72D-47B6-A68D-7590B98EB39B}
		{796EBDB1-76E4-40D5-9D94-E7391397AE33} = {827E0CD3-B72D-47B6-A68D-7590B98EB39B}
		{281A828E-6411-4A5D-B6C1-09A37C054846} = {827E0CD3-B72D-47B6-A68D-7590B98EB39B}
		{C30E1771-EB78-4779-BAA6-809D3687D676} = {827E0CD3-B72D-47B6-A68D-7590B98EB39B}
		{06313A80-6429-497B-A64B-CD6D901D8D24} = {827E0CD3-B72D-47B6-A68D-7590B98EB39B}
		{A59B155B-EB63-4983-9631-E9D0943CD593} = {827E0CD3-B72D-47B6-A68D-7590B98EB39B}
		{1FF88973-0642-4D90-A512-522DD11F35D5} = {827E0CD3-B72D-47B6-A68D-7590B98EB39B}
		{81829E81-8F7F-4805-81D4-1568C49C8356} = {827E0CD3-B72D-47B6-A68D-7590B98EB39B}
	EndGlobalSection
EndGlobal
